# THIS IS AN AUTOGENERATED FILE. DO NOT EDIT THIS FILE DIRECTLY.
# yarn lockfile v1


assertion-error@^1.0.1:
  version "1.1.0"
  resolved "https://registry.yarnpkg.com/assertion-error/-/assertion-error-1.1.0.tgz#e60b6b0e8f301bd97e5375215bda406c85118c0b"
  integrity sha512-jgsaNduz+ndvGyFt3uSuWqvy4lCnIJiovtouQN5JZHOKCS2QuhEdbcQHFhVksz2N2U9hXJo8odG7ETyWlEeuDw==

chai@3.2.0:
  version "3.2.0"
  resolved "https://registry.yarnpkg.com/chai/-/chai-3.2.0.tgz#a91c06acc01057f4f4b67ed7785bd7ff4466b2fb"
  integrity sha1-qRwGrMAQV/T0tn7XeFvX/0Rmsvs=
  dependencies:
    assertion-error "^1.0.1"
    deep-eql "^0.1.3"
    type-detect "^1.0.0"

commander@0.6.1:
  version "0.6.1"
  resolved "https://registry.yarnpkg.com/commander/-/commander-0.6.1.tgz#fa68a14f6a945d54dbbe50d8cdb3320e9e3b1a06"
  integrity sha1-+mihT2qUXVTbvlDYzbMyDp47GgY=

commander@2.3.0:
  version "2.3.0"
  resolved "https://registry.yarnpkg.com/commander/-/commander-2.3.0.tgz#fd430e889832ec353b9acd1de217c11cb3eef873"
  integrity sha1-/UMOiJgy7DU7ms0d4hfBHLPu+HM=

cross-fetch@^3.0.2:
  version "3.0.2"
  resolved "https://registry.yarnpkg.com/cross-fetch/-/cross-fetch-3.0.2.tgz#b7136491967031949c7f86b15903aef4fa3f1768"
  integrity sha512-a4Z0EJ5Nck6QtMy9ZqloLfpvu2uMV3sBfMCR+CgSBCZc6z5KR4bfEiD3dkepH8iZgJMXQpTqf8FjMmvu/GMFkg==
  dependencies:
    node-fetch "2.3.0"
    whatwg-fetch "3.0.0"

debug@2.2.0:
  version "2.2.0"
  resolved "https://registry.yarnpkg.com/debug/-/debug-2.2.0.tgz#f87057e995b1a1f6ae6a4960664137bc56f039da"
  integrity sha1-+HBX6ZWxofauaklgZkE3vFbwOdo=
  dependencies:
    ms "0.7.1"

deep-eql@^0.1.3:
  version "0.1.3"
  resolved "https://registry.yarnpkg.com/deep-eql/-/deep-eql-0.1.3.tgz#ef558acab8de25206cd713906d74e56930eb69f2"
  integrity sha1-71WKyrjeJSBs1xOQbXTlaTDrafI=
  dependencies:
    type-detect "0.1.1"

diff@1.4.0:
  version "1.4.0"
  resolved "https://registry.yarnpkg.com/diff/-/diff-1.4.0.tgz#7f28d2eb9ee7b15a97efd89ce63dcfdaa3ccbabf"
  integrity sha1-fyjS657nsVqX79ic5j3P2qPMur8=

es6-promise@~3.0.2:
  version "3.0.2"
  resolved "https://registry.yarnpkg.com/es6-promise/-/es6-promise-3.0.2.tgz#010d5858423a5f118979665f46486a95c6ee2bb6"
  integrity sha1-AQ1YWEI6XxGJeWZfRkhqlcbuK7Y=

escape-string-regexp@1.0.2:
  version "1.0.2"
  resolved "https://registry.yarnpkg.com/escape-string-regexp/-/escape-string-regexp-1.0.2.tgz#4dbc2fe674e71949caf3fb2695ce7f2dc1d9a8d1"
  integrity sha1-Tbwv5nTnGUnK8/smlc5/LcHZqNE=

formatio@1.1.1:
  version "1.1.1"
  resolved "https://registry.yarnpkg.com/formatio/-/formatio-1.1.1.tgz#5ed3ccd636551097383465d996199100e86161e9"
  integrity sha1-XtPM1jZVEJc4NGXZlhmRAOhhYek=
  dependencies:
    samsam "~1.1"

glob@3.2.3:
  version "3.2.3"
  resolved "https://registry.yarnpkg.com/glob/-/glob-3.2.3.tgz#e313eeb249c7affaa5c475286b0e115b59839467"
  integrity sha1-4xPusknHr/qlxHUoaw4RW1mDlGc=
  dependencies:
    graceful-fs "~2.0.0"
    inherits "2"
    minimatch "~0.2.11"

graceful-fs@~2.0.0:
  version "2.0.3"
  resolved "https://registry.yarnpkg.com/graceful-fs/-/graceful-fs-2.0.3.tgz#7cd2cdb228a4a3f36e95efa6cc142de7d1a136d0"
  integrity sha1-fNLNsiiko/Nule+mzBQt59GhNtA=

growl@1.8.1:
  version "1.8.1"
  resolved "https://registry.yarnpkg.com/growl/-/growl-1.8.1.tgz#4b2dec8d907e93db336624dcec0183502f8c9428"
  integrity sha1-Sy3sjZB+k9szZiTc7AGDUC+MlCg=

iconv-lite@0.2.11:
  version "0.2.11"
  resolved "https://registry.yarnpkg.com/iconv-lite/-/iconv-lite-0.2.11.tgz#1ce60a3a57864a292d1321ff4609ca4bb965adc8"
  integrity sha1-HOYKOleGSiktEyH/RgnKS7llrcg=

inherits@2, inherits@2.0.3:
  version "2.0.3"
  resolved "https://registry.yarnpkg.com/inherits/-/inherits-2.0.3.tgz#633c2c83e3da42a502f52466022480f4208261de"
  integrity sha1-Yzwsg+PaQqUC9SRmAiSA9CCCYd4=

jade@0.26.3:
  version "0.26.3"
  resolved "https://registry.yarnpkg.com/jade/-/jade-0.26.3.tgz#8f10d7977d8d79f2f6ff862a81b0513ccb25686c"
  integrity sha1-jxDXl32NefL2/4YqgbBRPMslaGw=
  dependencies:
    commander "0.6.1"
    mkdirp "0.3.0"

lolex@1.3.1:
  version "1.3.1"
  resolved "https://registry.yarnpkg.com/lolex/-/lolex-1.3.1.tgz#92d4973c5fe8b08c0094f73270daf09332bbedf0"
  integrity sha1-ktSXPF/osIwAlPcycNrwkzK77fA=

lru-cache@2:
  version "2.7.3"
  resolved "https://registry.yarnpkg.com/lru-cache/-/lru-cache-2.7.3.tgz#6d4524e8b955f95d4f5b58851ce21dd72fb4e952"
  integrity sha1-bUUk6LlV+V1PW1iFHOId1y+06VI=

minimatch@~0.2.11:
  version "0.2.14"
  resolved "https://registry.yarnpkg.com/minimatch/-/minimatch-0.2.14.tgz#c74e780574f63c6f9a090e90efbe6ef53a6a756a"
  integrity sha1-x054BXT2PG+aCQ6Q775u9TpqdWo=
  dependencies:
    lru-cache "2"
    sigmund "~1.0.0"

minimist@0.0.8:
  version "0.0.8"
  resolved "https://registry.yarnpkg.com/minimist/-/minimist-0.0.8.tgz#857fcabfc3397d2625b8228262e86aa7a011b05d"
  integrity sha1-hX/Kv8M5fSYluCKCYuhqp6ARsF0=

mkdirp@0.3.0:
  version "0.3.0"
  resolved "https://registry.yarnpkg.com/mkdirp/-/mkdirp-0.3.0.tgz#1bbf5ab1ba827af23575143490426455f481fe1e"
  integrity sha1-G79asbqCevI1dRQ0kEJkVfSB/h4=

mkdirp@0.5.0:
  version "0.5.0"
  resolved "https://registry.yarnpkg.com/mkdirp/-/mkdirp-0.5.0.tgz#1d73076a6df986cd9344e15e71fcc05a4c9abf12"
  integrity sha1-HXMHam35hs2TROFecfzAWkyavxI=
  dependencies:
    minimist "0.0.8"

mocha@~2.3.2:
  version "2.3.4"
  resolved "https://registry.yarnpkg.com/mocha/-/mocha-2.3.4.tgz#8629a6fb044f2d225aa4b81a2ae2d001699eb266"
  integrity sha1-himm+wRPLSJapLgaKuLQAWmesmY=
  dependencies:
    commander "2.3.0"
    debug "2.2.0"
    diff "1.4.0"
    escape-string-regexp "1.0.2"
    glob "3.2.3"
    growl "1.8.1"
    jade "0.26.3"
    mkdirp "0.5.0"
    supports-color "1.2.0"

ms@0.7.1:
  version "0.7.1"
  resolved "https://registry.yarnpkg.com/ms/-/ms-0.7.1.tgz#9cd13c03adbff25b65effde7ce864ee952017098"
  integrity sha1-nNE8A62/8ltl7/3nzoZO6VIBcJg=

node-fetch@2.3.0:
  version "2.3.0"
  resolved "https://registry.yarnpkg.com/node-fetch/-/node-fetch-2.3.0.tgz#1a1d940bbfb916a1d3e0219f037e89e71f8c5fa5"
  integrity sha512-MOd8pV3fxENbryESLgVIeaGKrdl+uaYhCSSVkjeOb/31/njTpcis5aWfdqgNlHIrKOLRbMnfPINPOML2CIFeXA==

object-assign@~4.1.0:
  version "4.1.1"
  resolved "https://registry.yarnpkg.com/object-assign/-/object-assign-4.1.1.tgz#2109adc7965887cfc05cbbd442cac8bfbb360863"
  integrity sha1-IQmtx5ZYh8/AXLvUQsrIv7s2CGM=

q@~1.4.1:
  version "1.4.1"
  resolved "https://registry.yarnpkg.com/q/-/q-1.4.1.tgz#55705bcd93c5f3673530c2c2cbc0c2b3addc286e"
  integrity sha1-VXBbzZPF82c1MMLCy8DCs63cKG4=

qs@1.2.0:
  version "1.2.0"
  resolved "https://registry.yarnpkg.com/qs/-/qs-1.2.0.tgz#ed079be28682147e6fd9a34cc2b0c1e0ec6453ee"
  integrity sha1-7Qeb4oaCFH5v2aNMwrDB4OxkU+4=

restler@~3.3.0:
  version "3.3.0"
  resolved "https://registry.yarnpkg.com/restler/-/restler-3.3.0.tgz#f93a59b5e1bc2c5ad0c2b973f78129b2181b6076"
  integrity sha1-+TpZteG8LFrQwrlz94EpshgbYHY=
  dependencies:
    iconv-lite "0.2.11"
    qs "1.2.0"
    xml2js "0.4.0"
    yaml "0.2.3"

samsam@1.1.2:
  version "1.1.2"
  resolved "https://registry.yarnpkg.com/samsam/-/samsam-1.1.2.tgz#bec11fdc83a9fda063401210e40176c3024d1567"
  integrity sha1-vsEf3IOp/aBjQBIQ5AF2wwJNFWc=

samsam@~1.1:
  version "1.1.3"
  resolved "https://registry.yarnpkg.com/samsam/-/samsam-1.1.3.tgz#9f5087419b4d091f232571e7fa52e90b0f552621"
  integrity sha1-n1CHQZtNCR8jJXHn+lLpCw9VJiE=

sax@0.5.x:
  version "0.5.8"
  resolved "https://registry.yarnpkg.com/sax/-/sax-0.5.8.tgz#d472db228eb331c2506b0e8c15524adb939d12c1"
  integrity sha1-1HLbIo6zMcJQaw6MFVJK25OdEsE=

sigmund@~1.0.0:
  version "1.0.1"
  resolved "https://registry.yarnpkg.com/sigmund/-/sigmund-1.0.1.tgz#3ff21f198cad2175f9f3b781853fd94d0d19b590"
  integrity sha1-P/IfGYytIXX587eBhT/ZTQ0ZtZA=

sinon-chai@~2.8.0:
  version "2.8.0"
  resolved "https://registry.yarnpkg.com/sinon-chai/-/sinon-chai-2.8.0.tgz#432a9bbfd51a6fc00798f4d2526a829c060687ac"
  integrity sha1-Qyqbv9Uab8AHmPTSUmqCnAYGh6w=

sinon@~1.16.1:
  version "1.16.1"
  resolved "https://registry.yarnpkg.com/sinon/-/sinon-1.16.1.tgz#5e6d6c0e6b2f72a32dcfc66c2407d6d065c8919d"
  integrity sha1-Xm1sDmsvcqMtz8ZsJAfW0GXIkZ0=
  dependencies:
    formatio "1.1.1"
    lolex "1.3.1"
    samsam "1.1.2"
    util ">=0.10.3 <1"

supports-color@1.2.0:
  version "1.2.0"
  resolved "https://registry.yarnpkg.com/supports-color/-/supports-color-1.2.0.tgz#ff1ed1e61169d06b3cf2d588e188b18d8847e17e"
  integrity sha1-/x7R5hFp0Gs88tWI4YixjYhH4X4=

type-detect@0.1.1:
  version "0.1.1"
  resolved "https://registry.yarnpkg.com/type-detect/-/type-detect-0.1.1.tgz#0ba5ec2a885640e470ea4e8505971900dac58822"
  integrity sha1-C6XsKohWQORw6k6FBZcZANrFiCI=

type-detect@^1.0.0:
  version "1.0.0"
  resolved "https://registry.yarnpkg.com/type-detect/-/type-detect-1.0.0.tgz#762217cc06db258ec48908a1298e8b95121e8ea2"
  integrity sha1-diIXzAbbJY7EiQihKY6LlRIejqI=

"util@>=0.10.3 <1":
  version "0.11.1"
  resolved "https://registry.yarnpkg.com/util/-/util-0.11.1.tgz#3236733720ec64bb27f6e26f421aaa2e1b588d61"
  integrity sha512-HShAsny+zS2TZfaXxD9tYj4HQGlBezXZMZuM/S5PKLLoZkShZiGk9o5CzukI1LVHZvjdvZ2Sj1aW/Ndn2NB/HQ==
  dependencies:
    inherits "2.0.3"

whatwg-fetch@3.0.0:
  version "3.0.0"
  resolved "https://registry.yarnpkg.com/whatwg-fetch/-/whatwg-fetch-3.0.0.tgz#fc804e458cc460009b1a2b966bc8817d2578aefb"
  integrity sha512-9GSJUgz1D4MfyKU7KRqwOjXCXTqWdFNvEr7eUBYchQiVc744mqK/MzXPNR2WsPkmkOa4ywfg8C2n8h+13Bey1Q==

xml2js@0.4.0:
  version "0.4.0"
  resolved "https://registry.yarnpkg.com/xml2js/-/xml2js-0.4.0.tgz#124fc4114b4129c810800ecb2ac86cf25462cb9a"
  integrity sha1-Ek/EEUtBKcgQgA7LKshs8lRiy5o=
  dependencies:
    sax "0.5.x"
    xmlbuilder ">=0.4.2"

xmlbuilder@>=0.4.2:
  version "12.0.0"
  resolved "https://registry.yarnpkg.com/xmlbuilder/-/xmlbuilder-12.0.0.tgz#e2ed675e06834a089ddfb84db96e2c2b03f78c1a"
  integrity sha512-lMo8DJ8u6JRWp0/Y4XLa/atVDr75H9litKlb2E5j3V3MesoL50EBgZDWoLT3F/LztVnG67GjPXLZpqcky/UMnQ==

yaml@0.2.3:
  version "0.2.3"
  resolved "https://registry.yarnpkg.com/yaml/-/yaml-0.2.3.tgz#b5450e92e76ef36b5dd24e3660091ebaeef3e5c7"
  integrity sha1-tUUOkudu82td0k42YAkeuu7z5cc=
